// !$*UTF8*$!
{
	archiveVersion = 1;
	classes = {
	};
	objectVersion = 50;
	objects = {

/* Begin PBXBuildFile section */
		BA5C6960244C4E03001A200E /* AppDelegate.swift in Sources */ = {isa = PBXBuildFile; fileRef = BA5C695F244C4E03001A200E /* AppDelegate.swift */; };
		BA5C6962244C4E03001A200E /* SceneDelegate.swift in Sources */ = {isa = PBXBuildFile; fileRef = BA5C6961244C4E03001A200E /* SceneDelegate.swift */; };
		BA5C6964244C4E03001A200E /* ContentView.swift in Sources */ = {isa = PBXBuildFile; fileRef = BA5C6963244C4E03001A200E /* ContentView.swift */; };
		BA5C6966244C4E04001A200E /* Assets.xcassets in Resources */ = {isa = PBXBuildFile; fileRef = BA5C6965244C4E04001A200E /* Assets.xcassets */; };
		BA5C6969244C4E04001A200E /* Preview Assets.xcassets in Resources */ = {isa = PBXBuildFile; fileRef = BA5C6968244C4E04001A200E /* Preview Assets.xcassets */; };
		BA5C696C244C4E04001A200E /* LaunchScreen.storyboard in Resources */ = {isa = PBXBuildFile; fileRef = BA5C696A244C4E04001A200E /* LaunchScreen.storyboard */; };
		BA5C6977244C4E04001A200E /* LandmarkTests.swift in Sources */ = {isa = PBXBuildFile; fileRef = BA5C6976244C4E04001A200E /* LandmarkTests.swift */; };
		BA5C6982244C4E04001A200E /* LandmarkUITests.swift in Sources */ = {isa = PBXBuildFile; fileRef = BA5C6981244C4E04001A200E /* LandmarkUITests.swift */; };
/* End PBXBuildFile section */

/* Begin PBXContainerItemProxy section */
		BA5C6973244C4E04001A200E /* PBXContainerItemProxy */ = {
			isa = PBXContainerItemProxy;
			containerPortal = BA5C6954244C4E03001A200E /* Project object */;
			proxyType = 1;
			remoteGlobalIDString = BA5C695B244C4E03001A200E;
			remoteInfo = Landmark;
		};
		BA5C697E244C4E04001A200E /* PBXContainerItemProxy */ = {
			isa = PBXContainerItemProxy;
			containerPortal = BA5C6954244C4E03001A200E /* Project object */;
			proxyType = 1;
			remoteGlobalIDString = BA5C695B244C4E03001A200E;
			remoteInfo = Landmark;
		};
/* End PBXContainerItemProxy section */

/* Begin PBXFileReference section */
		BA5C695C244C4E03001A200E /* Landmark.app */ = {isa = PBXFileReference; explicitFileType = wrapper.application; includeInIndex = 0; path = Landmark.app; sourceTree = BUILT_PRODUCTS_DIR; };
		BA5C695F244C4E03001A200E /* AppDelegate.swift */ = {isa = PBXFileReference; lastKnownFileType = sourcecode.swift; path = AppDelegate.swift; sourceTree = "<group>"; };
		BA5C6961244C4E03001A200E /* SceneDelegate.swift */ = {isa = PBXFileReference; lastKnownFileType = sourcecode.swift; path = SceneDelegate.swift; sourceTree = "<group>"; };
		BA5C6963244C4E03001A200E /* ContentView.swift */ = {isa = PBXFileReference; lastKnownFileType = sourcecode.swift; path = ContentView.swift; sourceTree = "<group>"; };
		BA5C6965244C4E04001A200E /* Assets.xcassets */ = {isa = PBXFileReference; lastKnownFileType = folder.assetcatalog; path = Assets.xcassets; sourceTree = "<group>"; };
		BA5C6968244C4E04001A200E /* Preview Assets.xcassets */ = {isa = PBXFileReference; lastKnownFileType = folder.assetcatalog; path = "Preview Assets.xcassets"; sourceTree = "<group>"; };
		BA5C696B244C4E04001A200E /* Base */ = {isa = PBXFileReference; lastKnownFileType = file.storyboard; name = Base; path = Base.lproj/LaunchScreen.storyboard; sourceTree = "<group>"; };
		BA5C696D244C4E04001A200E /* Info.plist */ = {isa = PBXFileReference; lastKnownFileType = text.plist.xml; path = Info.plist; sourceTree = "<group>"; };
		BA5C6972244C4E04001A200E /* LandmarkTests.xctest */ = {isa = PBXFileReference; explicitFileType = wrapper.cfbundle; includeInIndex = 0; path = LandmarkTests.xctest; sourceTree = BUILT_PRODUCTS_DIR; };
		BA5C6976244C4E04001A200E /* LandmarkTests.swift */ = {isa = PBXFileReference; lastKnownFileType = sourcecode.swift; path = LandmarkTests.swift; sourceTree = "<group>"; };
		BA5C6978244C4E04001A200E /* Info.plist */ = {isa = PBXFileReference; lastKnownFileType = text.plist.xml; path = Info.plist; sourceTree = "<group>"; };
		BA5C697D244C4E04001A200E /* LandmarkUITests.xctest */ = {isa = PBXFileReference; explicitFileType = wrapper.cfbundle; includeInIndex = 0; path = LandmarkUITests.xctest; sourceTree = BUILT_PRODUCTS_DIR; };
		BA5C6981244C4E04001A200E /* LandmarkUITests.swift */ = {isa = PBXFileReference; lastKnownFileType = sourcecode.swift; path = LandmarkUITests.swift; sourceTree = "<group>"; };
		BA5C6983244C4E04001A200E /* Info.plist */ = {isa = PBXFileReference; lastKnownFileType = text.plist.xml; path = Info.plist; sourceTree = "<group>"; };
/* End PBXFileReference section */

/* Begin PBXFrameworksBuildPhase section */
		BA5C6959244C4E03001A200E /* Frameworks */ = {
			isa = PBXFrameworksBuildPhase;
			buildActionMask = 2147483647;
			files = (
			);
			runOnlyForDeploymentPostprocessing = 0;
		};
		BA5C696F244C4E04001A200E /* Frameworks */ = {
			isa = PBXFrameworksBuildPhase;
			buildActionMask = 2147483647;
			files = (
			);
			runOnlyForDeploymentPostprocessing = 0;
		};
		BA5C697A244C4E04001A200E /* Frameworks */ = {
			isa = PBXFrameworksBuildPhase;
			buildActionMask = 2147483647;
			files = (
			);
			runOnlyForDeploymentPostprocessing = 0;
		};
/* End PBXFrameworksBuildPhase section */

/* Begin PBXGroup section */
		BA5C6953244C4E03001A200E = {
			isa = PBXGroup;
			children = (
				BA5C695E244C4E03001A200E /* Landmark */,
				BA5C6975244C4E04001A200E /* LandmarkTests */,
				BA5C6980244C4E04001A200E /* LandmarkUITests */,
				BA5C695D244C4E03001A200E /* Products */,
			);
			sourceTree = "<group>";
		};
		BA5C695D244C4E03001A200E /* Products */ = {
			isa = PBXGroup;
			children = (
				BA5C695C244C4E03001A200E /* Landmark.app */,
				BA5C6972244C4E04001A200E /* LandmarkTests.xctest */,
				BA5C697D244C4E04001A200E /* LandmarkUITests.xctest */,
			);
			name = Products;
			sourceTree = "<group>";
		};
		BA5C695E244C4E03001A200E /* Landmark */ = {
			isa = PBXGroup;
			children = (
				BA5C695F244C4E03001A200E /* AppDelegate.swift */,
				BA5C6961244C4E03001A200E /* SceneDelegate.swift */,
				BA5C6963244C4E03001A200E /* ContentView.swift */,
				BA5C6965244C4E04001A200E /* Assets.xcassets */,
				BA5C696A244C4E04001A200E /* LaunchScreen.storyboard */,
				BA5C696D244C4E04001A200E /* Info.plist */,
				BA5C6967244C4E04001A200E /* Preview Content */,
			);
			path = Landmark;
			sourceTree = "<group>";
		};
		BA5C6967244C4E04001A200E /* Preview Content */ = {
			isa = PBXGroup;
			children = (
				BA5C6968244C4E04001A200E /* Preview Assets.xcassets */,
			);
			path = "Preview Content";
			sourceTree = "<group>";
		};
		BA5C6975244C4E04001A200E /* LandmarkTests */ = {
			isa = PBXGroup;
			children = (
				BA5C6976244C4E04001A200E /* LandmarkTests.swift */,
				BA5C6978244C4E04001A200E /* Info.plist */,
			);
			path = LandmarkTests;
			sourceTree = "<group>";
		};
		BA5C6980244C4E04001A200E /* LandmarkUITests */ = {
			isa = PBXGroup;
			children = (
				BA5C6981244C4E04001A200E /* LandmarkUITests.swift */,
				BA5C6983244C4E04001A200E /* Info.plist */,
			);
			path = LandmarkUITests;
			sourceTree = "<group>";
		};
/* End PBXGroup section */

/* Begin PBXNativeTarget section */
		BA5C695B244C4E03001A200E /* Landmark */ = {
			isa = PBXNativeTarget;
			buildConfigurationList = BA5C6986244C4E04001A200E /* Build configuration list for PBXNativeTarget "Landmark" */;
			buildPhases = (
				BA5C6958244C4E03001A200E /* Sources */,
				BA5C6959244C4E03001A200E /* Frameworks */,
				BA5C695A244C4E03001A200E /* Resources */,
			);
			buildRules = (
			);
			dependencies = (
			);
			name = Landmark;
			productName = Landmark;
			productReference = BA5C695C244C4E03001A200E /* Landmark.app */;
			productType = "com.apple.product-type.application";
		};
		BA5C6971244C4E04001A200E /* LandmarkTests */ = {
			isa = PBXNativeTarget;
			buildConfigurationList = BA5C6989244C4E04001A200E /* Build configuration list for PBXNativeTarget "LandmarkTests" */;
			buildPhases = (
				BA5C696E244C4E04001A200E /* Sources */,
				BA5C696F244C4E04001A200E /* Frameworks */,
				BA5C6970244C4E04001A200E /* Resources */,
			);
			buildRules = (
			);
			dependencies = (
				BA5C6974244C4E04001A200E /* PBXTargetDependency */,
			);
			name = LandmarkTests;
			productName = LandmarkTests;
			productReference = BA5C6972244C4E04001A200E /* LandmarkTests.xctest */;
			productType = "com.apple.product-type.bundle.unit-test";
		};
		BA5C697C244C4E04001A200E /* LandmarkUITests */ = {
			isa = PBXNativeTarget;
			buildConfigurationList = BA5C698C244C4E04001A200E /* Build configuration list for PBXNativeTarget "LandmarkUITests" */;
			buildPhases = (
				BA5C6979244C4E04001A200E /* Sources */,
				BA5C697A244C4E04001A200E /* Frameworks */,
				BA5C697B244C4E04001A200E /* Resources */,
			);
			buildRules = (
			);
			dependencies = (
				BA5C697F244C4E04001A200E /* PBXTargetDependency */,
			);
			name = LandmarkUITests;
			productName = LandmarkUITests;
			productReference = BA5C697D244C4E04001A200E /* LandmarkUITests.xctest */;
			productType = "com.apple.product-type.bundle.ui-testing";
		};
/* End PBXNativeTarget section */

/* Begin PBXProject section */
		BA5C6954244C4E03001A200E /* Project object */ = {
			isa = PBXProject;
			attributes = {
				LastSwiftUpdateCheck = 1130;
				LastUpgradeCheck = 1130;
				ORGANIZATIONNAME = "塗木冴";
				TargetAttributes = {
					BA5C695B244C4E03001A200E = {
						CreatedOnToolsVersion = 11.3;
					};
					BA5C6971244C4E04001A200E = {
						CreatedOnToolsVersion = 11.3;
						TestTargetID = BA5C695B244C4E03001A200E;
					};
					BA5C697C244C4E04001A200E = {
						CreatedOnToolsVersion = 11.3;
						TestTargetID = BA5C695B244C4E03001A200E;
					};
				};
			};
			buildConfigurationList = BA5C6957244C4E03001A200E /* Build configuration list for PBXProject "Landmark" */;
			compatibilityVersion = "Xcode 9.3";
			developmentRegion = en;
			hasScannedForEncodings = 0;
			knownRegions = (
				en,
				Base,
			);
			mainGroup = BA5C6953244C4E03001A200E;
			productRefGroup = BA5C695D244C4E03001A200E /* Products */;
			projectDirPath = "";
			projectRoot = "";
			targets = (
				BA5C695B244C4E03001A200E /* Landmark */,
				BA5C6971244C4E04001A200E /* LandmarkTests */,
				BA5C697C244C4E04001A200E /* LandmarkUITests */,
			);
		};
/* End PBXProject section */

/* Begin PBXResourcesBuildPhase section */
		BA5C695A244C4E03001A200E /* Resources */ = {
			isa = PBXResourcesBuildPhase;
			buildActionMask = 2147483647;
			files = (
				BA5C696C244C4E04001A200E /* LaunchScreen.storyboard in Resources */,
				BA5C6969244C4E04001A200E /* Preview Assets.xcassets in Resources */,
				BA5C6966244C4E04001A200E /* Assets.xcassets in Resources */,
			);
			runOnlyForDeploymentPostprocessing = 0;
		};
		BA5C6970244C4E04001A200E /* Resources */ = {
			isa = PBXResourcesBuildPhase;
			buildActionMask = 2147483647;
			files = (
			);
			runOnlyForDeploymentPostprocessing = 0;
		};
		BA5C697B244C4E04001A200E /* Resources */ = {
			isa = PBXResourcesBuildPhase;
			buildActionMask = 2147483647;
			files = (
			);
			runOnlyForDeploymentPostprocessing = 0;
		};
/* End PBXResourcesBuildPhase section */

/* Begin PBXSourcesBuildPhase section */
		BA5C6958244C4E03001A200E /* Sources */ = {
			isa = PBXSourcesBuildPhase;
			buildActionMask = 2147483647;
			files = (
				BA5C6960244C4E03001A200E /* AppDelegate.swift in Sources */,
				BA5C6962244C4E03001A200E /* SceneDelegate.swift in Sources */,
				BA5C6964244C4E03001A200E /* ContentView.swift in Sources */,
			);
			runOnlyForDeploymentPostprocessing = 0;
		};
		BA5C696E244C4E04001A200E /* Sources */ = {
			isa = PBXSourcesBuildPhase;
			buildActionMask = 2147483647;
			files = (
				BA5C6977244C4E04001A200E /* LandmarkTests.swift in Sources */,
			);
			runOnlyForDeploymentPostprocessing = 0;
		};
		BA5C6979244C4E04001A200E /* Sources */ = {
			isa = PBXSourcesBuildPhase;
			buildActionMask = 2147483647;
			files = (
				BA5C6982244C4E04001A200E /* LandmarkUITests.swift in Sources */,
			);
			runOnlyForDeploymentPostprocessing = 0;
		};
/* End PBXSourcesBuildPhase section */

/* Begin PBXTargetDependency section */
		BA5C6974244C4E04001A200E /* PBXTargetDependency */ = {
			isa = PBXTargetDependency;
			target = BA5C695B244C4E03001A200E /* Landmark */;
			targetProxy = BA5C6973244C4E04001A200E /* PBXContainerItemProxy */;
		};
		BA5C697F244C4E04001A200E /* PBXTargetDependency */ = {
			isa = PBXTargetDependency;
			target = BA5C695B244C4E03001A200E /* Landmark */;
			targetProxy = BA5C697E244C4E04001A200E /* PBXContainerItemProxy */;
		};
/* End PBXTargetDependency section */

/* Begin PBXVariantGroup section */
		BA5C696A244C4E04001A200E /* LaunchScreen.storyboard */ = {
			isa = PBXVariantGroup;
			children = (
				BA5C696B244C4E04001A200E /* Base */,
			);
			name = LaunchScreen.storyboard;
			sourceTree = "<group>";
		};
/* End PBXVariantGroup section */

/* Begin XCBuildConfiguration section */
		BA5C6984244C4E04001A200E /* Debug */ = {
			isa = XCBuildConfiguration;
			buildSettings = {
				ALWAYS_SEARCH_USER_PATHS = NO;
				CLANG_ANALYZER_NONNULL = YES;
				CLANG_ANALYZER_NUMBER_OBJECT_CONVERSION = YES_AGGRESSIVE;
				CLANG_CXX_LANGUAGE_STANDARD = "gnu++14";
				CLANG_CXX_LIBRARY = "libc++";
				CLANG_ENABLE_MODULES = YES;
				CLANG_ENABLE_OBJC_ARC = YES;
				CLANG_ENABLE_OBJC_WEAK = YES;
				CLANG_WARN_BLOCK_CAPTURE_AUTORELEASING = YES;
				CLANG_WARN_BOOL_CONVERSION = YES;
				CLANG_WARN_COMMA = YES;
				CLANG_WARN_CONSTANT_CONVERSION = YES;
				CLANG_WARN_DEPRECATED_OBJC_IMPLEMENTATIONS = YES;
				CLANG_WARN_DIRECT_OBJC_ISA_USAGE = YES_ERROR;
				CLANG_WARN_DOCUMENTATION_COMMENTS = YES;
				CLANG_WARN_EMPTY_BODY = YES;
				CLANG_WARN_ENUM_CONVERSION = YES;
				CLANG_WARN_INFINITE_RECURSION = YES;
				CLANG_WARN_INT_CONVERSION = YES;
				CLANG_WARN_NON_LITERAL_NULL_CONVERSION = YES;
				CLANG_WARN_OBJC_IMPLICIT_RETAIN_SELF = YES;
				CLANG_WARN_OBJC_LITERAL_CONVERSION = YES;
				CLANG_WARN_OBJC_ROOT_CLASS = YES_ERROR;
				CLANG_WARN_RANGE_LOOP_ANALYSIS = YES;
				CLANG_WARN_STRICT_PROTOTYPES = YES;
				CLANG_WARN_SUSPICIOUS_MOVE = YES;
				CLANG_WARN_UNGUARDED_AVAILABILITY = YES_AGGRESSIVE;
				CLANG_WARN_UNREACHABLE_CODE = YES;
				CLANG_WARN__DUPLICATE_METHOD_MATCH = YES;
				COPY_PHASE_STRIP = NO;
				DEBUG_INFORMATION_FORMAT = dwarf;
				ENABLE_STRICT_OBJC_MSGSEND = YES;
				ENABLE_TESTABILITY = YES;
				GCC_C_LANGUAGE_STANDARD = gnu11;
				GCC_DYNAMIC_NO_PIC = NO;
				GCC_NO_COMMON_BLOCKS = YES;
				GCC_OPTIMIZATION_LEVEL = 0;
				GCC_PREPROCESSOR_DEFINITIONS = (
					"DEBUG=1",
					"$(inherited)",
				);
				GCC_WARN_64_TO_32_BIT_CONVERSION = YES;
				GCC_WARN_ABOUT_RETURN_TYPE = YES_ERROR;
				GCC_WARN_UNDECLARED_SELECTOR = YES;
				GCC_WARN_UNINITIALIZED_AUTOS = YES_AGGRESSIVE;
				GCC_WARN_UNUSED_FUNCTION = YES;
				GCC_WARN_UNUSED_VARIABLE = YES;
				IPHONEOS_DEPLOYMENT_TARGET = 13.2;
				MTL_ENABLE_DEBUG_INFO = INCLUDE_SOURCE;
				MTL_FAST_MATH = YES;
				ONLY_ACTIVE_ARCH = YES;
				SDKROOT = iphoneos;
				SWIFT_ACTIVE_COMPILATION_CONDITIONS = DEBUG;
				SWIFT_OPTIMIZATION_LEVEL = "-Onone";
			};
			name = Debug;
		};
		BA5C6985244C4E04001A200E /* Release */ = {
			isa = XCBuildConfiguration;
			buildSettings = {
				ALWAYS_SEARCH_USER_PATHS = NO;
				CLANG_ANALYZER_NONNULL = YES;
				CLANG_ANALYZER_NUMBER_OBJECT_CONVERSION = YES_AGGRESSIVE;
				CLANG_CXX_LANGUAGE_STANDARD = "gnu++14";
				CLANG_CXX_LIBRARY = "libc++";
				CLANG_ENABLE_MODULES = YES;
				CLANG_ENABLE_OBJC_ARC = YES;
				CLANG_ENABLE_OBJC_WEAK = YES;
				CLANG_WARN_BLOCK_CAPTURE_AUTORELEASING = YES;
				CLANG_WARN_BOOL_CONVERSION = YES;
				CLANG_WARN_COMMA = YES;
				CLANG_WARN_CONSTANT_CONVERSION = YES;
				CLANG_WARN_DEPRECATED_OBJC_IMPLEMENTATIONS = YES;
				CLANG_WARN_DIRECT_OBJC_ISA_USAGE = YES_ERROR;
				CLANG_WARN_DOCUMENTATION_COMMENTS = YES;
				CLANG_WARN_EMPTY_BODY = YES;
				CLANG_WARN_ENUM_CONVERSION = YES;
				CLANG_WARN_INFINITE_RECURSION = YES;
				CLANG_WARN_INT_CONVERSION = YES;
				CLANG_WARN_NON_LITERAL_NULL_CONVERSION = YES;
				CLANG_WARN_OBJC_IMPLICIT_RETAIN_SELF = YES;
				CLANG_WARN_OBJC_LITERAL_CONVERSION = YES;
				CLANG_WARN_OBJC_ROOT_CLASS = YES_ERROR;
				CLANG_WARN_RANGE_LOOP_ANALYSIS = YES;
				CLANG_WARN_STRICT_PROTOTYPES = YES;
				CLANG_WARN_SUSPICIOUS_MOVE = YES;
				CLANG_WARN_UNGUARDED_AVAILABILITY = YES_AGGRESSIVE;
				CLANG_WARN_UNREACHABLE_CODE = YES;
				CLANG_WARN__DUPLICATE_METHOD_MATCH = YES;
				COPY_PHASE_STRIP = NO;
				DEBUG_INFORMATION_FORMAT = "dwarf-with-dsym";
				ENABLE_NS_ASSERTIONS = NO;
				ENABLE_STRICT_OBJC_MSGSEND = YES;
				GCC_C_LANGUAGE_STANDARD = gnu11;
				GCC_NO_COMMON_BLOCKS = YES;
				GCC_WARN_64_TO_32_BIT_CONVERSION = YES;
				GCC_WARN_ABOUT_RETURN_TYPE = YES_ERROR;
				GCC_WARN_UNDECLARED_SELECTOR = YES;
				GCC_WARN_UNINITIALIZED_AUTOS = YES_AGGRESSIVE;
				GCC_WARN_UNUSED_FUNCTION = YES;
				GCC_WARN_UNUSED_VARIABLE = YES;
				IPHONEOS_DEPLOYMENT_TARGET = 13.2;
				MTL_ENABLE_DEBUG_INFO = NO;
				MTL_FAST_MATH = YES;
				SDKROOT = iphoneos;
				SWIFT_COMPILATION_MODE = wholemodule;
				SWIFT_OPTIMIZATION_LEVEL = "-O";
				VALIDATE_PRODUCT = YES;
			};
			name = Release;
		};
		BA5C6987244C4E04001A200E /* Debug */ = {
			isa = XCBuildConfiguration;
			buildSettings = {
				ASSETCATALOG_COMPILER_APPICON_NAME = AppIcon;
				CODE_SIGN_STYLE = Automatic;
				DEVELOPMENT_ASSET_PATHS = "\"Landmark/Preview Content\"";
				DEVELOPMENT_TEAM = 679U29FZ6S;
				ENABLE_PREVIEWS = YES;
				INFOPLIST_FILE = Landmark/Info.plist;
				LD_RUNPATH_SEARCH_PATHS = (
					"$(inherited)",
					"@executable_path/Frameworks",
				);
				PRODUCT_BUNDLE_IDENTIFIER = saenuruki.Landmark;
				PRODUCT_NAME = "$(TARGET_NAME)";
				SWIFT_VERSION = 5.0;
				TARGETED_DEVICE_FAMILY = "1,2";
			};
			name = Debug;
		};
		BA5C6988244C4E04001A200E /* Release */ = {
			isa = XCBuildConfiguration;
			buildSettings = {
				ASSETCATALOG_COMPILER_APPICON_NAME = AppIcon;
				CODE_SIGN_STYLE = Automatic;
				DEVELOPMENT_ASSET_PATHS = "\"Landmark/Preview Content\"";
				DEVELOPMENT_TEAM = 679U29FZ6S;
				ENABLE_PREVIEWS = YES;
				INFOPLIST_FILE = Landmark/Info.plist;
				LD_RUNPATH_SEARCH_PATHS = (
					"$(inherited)",
					"@executable_path/Frameworks",
				);
				PRODUCT_BUNDLE_IDENTIFIER = saenuruki.Landmark;
				PRODUCT_NAME = "$(TARGET_NAME)";
				SWIFT_VERSION = 5.0;
				TARGETED_DEVICE_FAMILY = "1,2";
			};
			name = Release;
		};
		BA5C698A244C4E04001A200E /* Debug */ = {
			isa = XCBuildConfiguration;
			buildSettings = {
				ALWAYS_EMBED_SWIFT_STANDARD_LIBRARIES = YES;
				BUNDLE_LOADER = "$(TEST_HOST)";
				CODE_SIGN_STYLE = Automatic;
				DEVELOPMENT_TEAM = 679U29FZ6S;
				INFOPLIST_FILE = LandmarkTests/Info.plist;
				IPHONEOS_DEPLOYMENT_TARGET = 13.2;
				LD_RUNPATH_SEARCH_PATHS = (
					"$(inherited)",
					"@executable_path/Frameworks",
					"@loader_path/Frameworks",
				);
				PRODUCT_BUNDLE_IDENTIFIER = saenuruki.LandmarkTests;
				PRODUCT_NAME = "$(TARGET_NAME)";
				SWIFT_VERSION = 5.0;
				TARGETED_DEVICE_FAMILY = "1,2";
				TEST_HOST = "$(BUILT_PRODUCTS_DIR)/Landmark.app/Landmark";
			};
			name = Debug;
		};
		BA5C698B244C4E04001A200E /* Release */ = {
			isa = XCBuildConfiguration;
			buildSettings = {
				ALWAYS_EMBED_SWIFT_STANDARD_LIBRARIES = YES;
				BUNDLE_LOADER = "$(TEST_HOST)";
				CODE_SIGN_STYLE = Automatic;
				DEVELOPMENT_TEAM = 679U29FZ6S;
				INFOPLIST_FILE = LandmarkTests/Info.plist;
				IPHONEOS_DEPLOYMENT_TARGET = 13.2;
				LD_RUNPATH_SEARCH_PATHS = (
					"$(inherited)",
					"@executable_path/Frameworks",
					"@loader_path/Frameworks",
				);
				PRODUCT_BUNDLE_IDENTIFIER = saenuruki.LandmarkTests;
				PRODUCT_NAME = "$(TARGET_NAME)";
				SWIFT_VERSION = 5.0;
				TARGETED_DEVICE_FAMILY = "1,2";
				TEST_HOST = "$(BUILT_PRODUCTS_DIR)/Landmark.app/Landmark";
			};
			name = Release;
		};
		BA5C698D244C4E04001A200E /* Debug */ = {
			isa = XCBuildConfiguration;
			buildSettings = {
				ALWAYS_EMBED_SWIFT_STANDARD_LIBRARIES = YES;
				CODE_SIGN_STYLE = Automatic;
				DEVELOPMENT_TEAM = 679U29FZ6S;
				INFOPLIST_FILE = LandmarkUITests/Info.plist;
				LD_RUNPATH_SEARCH_PATHS = (
					"$(inherited)",
					"@executable_path/Frameworks",
					"@loader_path/Frameworks",
				);
				PRODUCT_BUNDLE_IDENTIFIER = saenuruki.LandmarkUITests;
				PRODUCT_NAME = "$(TARGET_NAME)";
				SWIFT_VERSION = 5.0;
				TARGETED_DEVICE_FAMILY = "1,2";
				TEST_TARGET_NAME = Landmark;
			};
			name = Debug;
		};
		BA5C698E244C4E04001A200E /* Release */ = {
			isa = XCBuildConfiguration;
			buildSettings = {
				ALWAYS_EMBED_SWIFT_STANDARD_LIBRARIES = YES;
				CODE_SIGN_STYLE = Automatic;
				DEVELOPMENT_TEAM = 679U29FZ6S;
				INFOPLIST_FILE = LandmarkUITests/Info.plist;
				LD_RUNPATH_SEARCH_PATHS = (
					"$(inherited)",
					"@executable_path/Frameworks",
					"@loader_path/Frameworks",
				);
				PRODUCT_BUNDLE_IDENTIFIER = saenuruki.LandmarkUITests;
				PRODUCT_NAME = "$(TARGET_NAME)";
				SWIFT_VERSION = 5.0;
				TARGETED_DEVICE_FAMILY = "1,2";
				TEST_TARGET_NAME = Landmark;
			};
			name = Release;
		};
/* End XCBuildConfiguration section */

/* Begin XCConfigurationList section */
		BA5C6957244C4E03001A200E /* Build configuration list for PBXProject "Landmark" */ = {
			isa = XCConfigurationList;
			buildConfigurations = (
				BA5C6984244C4E04001A200E /* Debug */,
				BA5C6985244C4E04001A200E /* Release */,
			);
			defaultConfigurationIsVisible = 0;
			defaultConfigurationName = Release;
		};
		BA5C6986244C4E04001A200E /* Build configuration list for PBXNativeTarget "Landmark" */ = {
			isa = XCConfigurationList;
			buildConfigurations = (
				BA5C6987244C4E04001A200E /* Debug */,
				BA5C6988244C4E04001A200E /* Release */,
			);
			defaultConfigurationIsVisible = 0;
			defaultConfigurationName = Release;
		};
		BA5C6989244C4E04001A200E /* Build configuration list for PBXNativeTarget "LandmarkTests" */ = {
			isa = XCConfigurationList;
			buildConfigurations = (
				BA5C698A244C4E04001A200E /* Debug */,
				BA5C698B244C4E04001A200E /* Release */,
			);
			defaultConfigurationIsVisible = 0;
			defaultConfigurationName = Release;
		};
		BA5C698C244C4E04001A200E /* Build configuration list for PBXNativeTarget "LandmarkUITests" */ = {
			isa = XCConfigurationList;
			buildConfigurations = (
				BA5C698D244C4E04001A200E /* Debug */,
				BA5C698E244C4E04001A200E /* Release */,
			);
			defaultConfigurationIsVisible = 0;
			defaultConfigurationName = Release;
		};
/* End XCConfigurationList section */
	};
	rootObject = BA5C6954244C4E03001A200E /* Project object */;
}
